
Microsoft Visual Studio Solution File, Format Version 12.00
# Visual Studio Version 17
VisualStudioVersion = 17.5.002.0
MinimumVisualStudioVersion = 10.0.40219.1
Project("{2150E333-8FDC-42A3-9474-1A3956D46DE8}") = "PROYECTO_ELVIS", "PROYECTO_ELVIS", "{52C8DA0F-7AE8-4C66-8A20-F51687369608}"
EndProject
Project("{9A19103F-16F7-4668-BE54-9A1E7A4F7556}") = "CasaDeCambioAPI", "PROYECTO_ELVIS\CasaDeCambioAPI\CasaDeCambioAPI.csproj", "{1CA39E1D-A393-4235-B8E4-41B70F1043DC}"
EndProject
Project("{9A19103F-16F7-4668-BE54-9A1E7A4F7556}") = "CasaDeCambioApp", "PROYECTO_ELVIS\CasaDeCambioApp\CasaDeCambioApp.csproj", "{52C92279-4245-4F4E-B1C3-B8F350A5C206}"
EndProject
Global
	GlobalSection(SolutionConfigurationPlatforms) = preSolution
		Debug|Any CPU = Debug|Any CPU
		Release|Any CPU = Release|Any CPU
	EndGlobalSection
	GlobalSection(ProjectConfigurationPlatforms) = postSolution
		{1CA39E1D-A393-4235-B8E4-41B70F1043DC}.Debug|Any CPU.ActiveCfg = Debug|Any CPU
		{1CA39E1D-A393-4235-B8E4-41B70F1043DC}.Debug|Any CPU.Build.0 = Debug|Any CPU
		{1CA39E1D-A393-4235-B8E4-41B70F1043DC}.Release|Any CPU.ActiveCfg = Release|Any CPU
		{1CA39E1D-A393-4235-B8E4-41B70F1043DC}.Release|Any CPU.Build.0 = Release|Any CPU
		{52C92279-4245-4F4E-B1C3-B8F350A5C206}.Debug|Any CPU.ActiveCfg = Debug|Any CPU
		{52C92279-4245-4F4E-B1C3-B8F350A5C206}.Debug|Any CPU.Build.0 = Debug|Any CPU
		{52C92279-4245-4F4E-B1C3-B8F350A5C206}.Release|Any CPU.ActiveCfg = Release|Any CPU
		{52C92279-4245-4F4E-B1C3-B8F350A5C206}.Release|Any CPU.Build.0 = Release|Any CPU
	EndGlobalSection
	GlobalSection(SolutionProperties) = preSolution
		HideSolutionNode = FALSE
	EndGlobalSection
	GlobalSection(NestedProjects) = preSolution
		{1CA39E1D-A393-4235-B8E4-41B70F1043DC} = {52C8DA0F-7AE8-4C66-8A20-F51687369608}
		{52C92279-4245-4F4E-B1C3-B8F350A5C206} = {52C8DA0F-7AE8-4C66-8A20-F51687369608}
	EndGlobalSection
	GlobalSection(ExtensibilityGlobals) = postSolution
		SolutionGuid = {BE0CAADF-7252-417B-9B9F-A56760748A7D}
	EndGlobalSection
EndGlobal
